
Microsoft Visual Studio Solution File, Format Version 12.00
# Visual Studio Version 16
VisualStudioVersion = 16.0.32228.343
MinimumVisualStudioVersion = 10.0.40219.1
Project("{FAE04EC0-301F-11D3-BF4B-00C04F79EFBC}") = "Semana4-ProyectoFormularios", "Semana4-ProyectoFormularios.csproj", "{65F7C93C-2CC1-4A0C-9B5C-B9D0F2D5CEE0}"
EndProject
Global
	GlobalSection(SolutionConfigurationPlatforms) = preSolution
		Debug|Any CPU = Debug|Any CPU
		Release|Any CPU = Release|Any CPU
	EndGlobalSection
	GlobalSection(ProjectConfigurationPlatforms) = postSolution
		{65F7C93C-2CC1-4A0C-9B5C-B9D0F2D5CEE0}.Debug|Any CPU.ActiveCfg = Debug|Any CPU
		{65F7C93C-2CC1-4A0C-9B5C-B9D0F2D5CEE0}.Debug|Any CPU.Build.0 = Debug|Any CPU
		{65F7C93C-2CC1-4A0C-9B5C-B9D0F2D5CEE0}.Release|Any CPU.ActiveCfg = Release|Any CPU
		{65F7C93C-2CC1-4A0C-9B5C-B9D0F2D5CEE0}.Release|Any CPU.Build.0 = Release|Any CPU
	EndGlobalSection
	GlobalSection(SolutionProperties) = preSolution
		HideSolutionNode = FALSE
	EndGlobalSection
	GlobalSection(ExtensibilityGlobals) = postSolution
		SolutionGuid = {D9C199FC-0326-410E-8575-2E212F38D34B}
	EndGlobalSection
EndGlobal
